
Microsoft Visual Studio Solution File, Format Version 12.00
# Visual Studio Version 16
VisualStudioVersion = 16.0.31019.35
MinimumVisualStudioVersion = 10.0.40219.1
Project("{9A19103F-16F7-4668-BE54-9A1E7A4F7556}") = "superAwesomeAmazingTourPlanner", "superAwesomeAmazingTourPlanner.csproj", "{0F8AD7C0-0B81-42EE-921D-A8EBE06A0564}"
EndProject
Project("{9A19103F-16F7-4668-BE54-9A1E7A4F7556}") = "ViewModels", "..\ViewModels\ViewModels.csproj", "{C9808EE6-2A0E-4B35-9E65-9DD8D5071C84}"
	ProjectSection(ProjectDependencies) = postProject
		{03AEADC7-DE11-4CCE-90C8-22ABA32859BC} = {03AEADC7-DE11-4CCE-90C8-22ABA32859BC}
	EndProjectSection
EndProject
Project("{9A19103F-16F7-4668-BE54-9A1E7A4F7556}") = "UnitTests", "..\UnitTests\UnitTests.csproj", "{CB6051C6-3D5B-4814-ACFE-FD432C5AEEE7}"
EndProject
Project("{9A19103F-16F7-4668-BE54-9A1E7A4F7556}") = "Models", "..\Models\Models.csproj", "{03AEADC7-DE11-4CCE-90C8-22ABA32859BC}"
EndProject
Project("{9A19103F-16F7-4668-BE54-9A1E7A4F7556}") = "Extensions", "..\Extensions\Extensions.csproj", "{5F110C5F-6911-4341-86FF-CA668311DA12}"
EndProject
Project("{9A19103F-16F7-4668-BE54-9A1E7A4F7556}") = "BusinessLogic", "..\BusinessLogic\BusinessLogic.csproj", "{1FDB36C8-B22B-436E-8A25-F30B47221249}"
EndProject
Project("{9A19103F-16F7-4668-BE54-9A1E7A4F7556}") = "DataAccess", "..\DataAccess\DataAccess.csproj", "{1261A07D-AEA2-4F10-9D47-324ADC5FD9D2}"
EndProject
Global
	GlobalSection(SolutionConfigurationPlatforms) = preSolution
		Debug|Any CPU = Debug|Any CPU
		Release|Any CPU = Release|Any CPU
	EndGlobalSection
	GlobalSection(ProjectConfigurationPlatforms) = postSolution
		{0F8AD7C0-0B81-42EE-921D-A8EBE06A0564}.Debug|Any CPU.ActiveCfg = Debug|Any CPU
		{0F8AD7C0-0B81-42EE-921D-A8EBE06A0564}.Debug|Any CPU.Build.0 = Debug|Any CPU
		{0F8AD7C0-0B81-42EE-921D-A8EBE06A0564}.Release|Any CPU.ActiveCfg = Release|Any CPU
		{0F8AD7C0-0B81-42EE-921D-A8EBE06A0564}.Release|Any CPU.Build.0 = Release|Any CPU
		{C9808EE6-2A0E-4B35-9E65-9DD8D5071C84}.Debug|Any CPU.ActiveCfg = Debug|Any CPU
		{C9808EE6-2A0E-4B35-9E65-9DD8D5071C84}.Debug|Any CPU.Build.0 = Debug|Any CPU
		{C9808EE6-2A0E-4B35-9E65-9DD8D5071C84}.Release|Any CPU.ActiveCfg = Release|Any CPU
		{C9808EE6-2A0E-4B35-9E65-9DD8D5071C84}.Release|Any CPU.Build.0 = Release|Any CPU
		{CB6051C6-3D5B-4814-ACFE-FD432C5AEEE7}.Debug|Any CPU.ActiveCfg = Debug|Any CPU
		{CB6051C6-3D5B-4814-ACFE-FD432C5AEEE7}.Debug|Any CPU.Build.0 = Debug|Any CPU
		{CB6051C6-3D5B-4814-ACFE-FD432C5AEEE7}.Release|Any CPU.ActiveCfg = Release|Any CPU
		{CB6051C6-3D5B-4814-ACFE-FD432C5AEEE7}.Release|Any CPU.Build.0 = Release|Any CPU
		{03AEADC7-DE11-4CCE-90C8-22ABA32859BC}.Debug|Any CPU.ActiveCfg = Debug|Any CPU
		{03AEADC7-DE11-4CCE-90C8-22ABA32859BC}.Debug|Any CPU.Build.0 = Debug|Any CPU
		{03AEADC7-DE11-4CCE-90C8-22ABA32859BC}.Release|Any CPU.ActiveCfg = Release|Any CPU
		{03AEADC7-DE11-4CCE-90C8-22ABA32859BC}.Release|Any CPU.Build.0 = Release|Any CPU
		{5F110C5F-6911-4341-86FF-CA668311DA12}.Debug|Any CPU.ActiveCfg = Debug|Any CPU
		{5F110C5F-6911-4341-86FF-CA668311DA12}.Debug|Any CPU.Build.0 = Debug|Any CPU
		{5F110C5F-6911-4341-86FF-CA668311DA12}.Release|Any CPU.ActiveCfg = Release|Any CPU
		{5F110C5F-6911-4341-86FF-CA668311DA12}.Release|Any CPU.Build.0 = Release|Any CPU
		{1FDB36C8-B22B-436E-8A25-F30B47221249}.Debug|Any CPU.ActiveCfg = Debug|Any CPU
		{1FDB36C8-B22B-436E-8A25-F30B47221249}.Debug|Any CPU.Build.0 = Debug|Any CPU
		{1FDB36C8-B22B-436E-8A25-F30B47221249}.Release|Any CPU.ActiveCfg = Release|Any CPU
		{1FDB36C8-B22B-436E-8A25-F30B47221249}.Release|Any CPU.Build.0 = Release|Any CPU
		{1261A07D-AEA2-4F10-9D47-324ADC5FD9D2}.Debug|Any CPU.ActiveCfg = Debug|Any CPU
		{1261A07D-AEA2-4F10-9D47-324ADC5FD9D2}.Debug|Any CPU.Build.0 = Debug|Any CPU
		{1261A07D-AEA2-4F10-9D47-324ADC5FD9D2}.Release|Any CPU.ActiveCfg = Release|Any CPU
		{1261A07D-AEA2-4F10-9D47-324ADC5FD9D2}.Release|Any CPU.Build.0 = Release|Any CPU
	EndGlobalSection
	GlobalSection(SolutionProperties) = preSolution
		HideSolutionNode = FALSE
	EndGlobalSection
	GlobalSection(ExtensibilityGlobals) = postSolution
		SolutionGuid = {2AA351CE-6875-4755-84D0-ABE078BE8348}
	EndGlobalSection
EndGlobal
